
Microsoft Visual Studio Solution File, Format Version 12.00
# Visual Studio Version 16
VisualStudioVersion = 16.0.30621.155
MinimumVisualStudioVersion = 10.0.40219.1
Project("{9A19103F-16F7-4668-BE54-9A1E7A4F7556}") = "Greeting", "Greeting\Greeting.csproj", "{CEE2A9FD-1B9B-4120-BD3F-895B6A3D91E8}"
EndProject
Project("{9A19103F-16F7-4668-BE54-9A1E7A4F7556}") = "BusinessLayer", "BusinessLayer\BusinessLayer.csproj", "{79BEF6D2-CCEB-49E3-86A6-9FDD981D14C7}"
EndProject
Project("{9A19103F-16F7-4668-BE54-9A1E7A4F7556}") = "EmailService", "EmailService\EmailService.csproj", "{6BE7F6E8-A52F-4152-9817-4D2AC5A2B06E}"
EndProject
Project("{FAE04EC0-301F-11D3-BF4B-00C04F79EFBC}") = "ModelLayer", "ModelLayer\ModelLayer.csproj", "{01485140-8418-4EAD-A16B-E724A52A6DFC}"
EndProject
Project("{FAE04EC0-301F-11D3-BF4B-00C04F79EFBC}") = "RepositoryLayer", "RepositoryLayer\RepositoryLayer.csproj", "{51156C74-708E-4866-BEF6-F3674FDF6D05}"
EndProject
Project("{FAE04EC0-301F-11D3-BF4B-00C04F79EFBC}") = "TokenAuthentication", "TokenAuthentication\TokenAuthentication.csproj", "{E08F6285-A3AC-465C-8399-81C5E095A731}"
EndProject
Global
	GlobalSection(SolutionConfigurationPlatforms) = preSolution
		Debug|Any CPU = Debug|Any CPU
		Release|Any CPU = Release|Any CPU
	EndGlobalSection
	GlobalSection(ProjectConfigurationPlatforms) = postSolution
		{CEE2A9FD-1B9B-4120-BD3F-895B6A3D91E8}.Debug|Any CPU.ActiveCfg = Debug|Any CPU
		{CEE2A9FD-1B9B-4120-BD3F-895B6A3D91E8}.Debug|Any CPU.Build.0 = Debug|Any CPU
		{CEE2A9FD-1B9B-4120-BD3F-895B6A3D91E8}.Release|Any CPU.ActiveCfg = Release|Any CPU
		{CEE2A9FD-1B9B-4120-BD3F-895B6A3D91E8}.Release|Any CPU.Build.0 = Release|Any CPU
		{79BEF6D2-CCEB-49E3-86A6-9FDD981D14C7}.Debug|Any CPU.ActiveCfg = Debug|Any CPU
		{79BEF6D2-CCEB-49E3-86A6-9FDD981D14C7}.Debug|Any CPU.Build.0 = Debug|Any CPU
		{79BEF6D2-CCEB-49E3-86A6-9FDD981D14C7}.Release|Any CPU.ActiveCfg = Release|Any CPU
		{79BEF6D2-CCEB-49E3-86A6-9FDD981D14C7}.Release|Any CPU.Build.0 = Release|Any CPU
		{6BE7F6E8-A52F-4152-9817-4D2AC5A2B06E}.Debug|Any CPU.ActiveCfg = Debug|Any CPU
		{6BE7F6E8-A52F-4152-9817-4D2AC5A2B06E}.Debug|Any CPU.Build.0 = Debug|Any CPU
		{6BE7F6E8-A52F-4152-9817-4D2AC5A2B06E}.Release|Any CPU.ActiveCfg = Release|Any CPU
		{6BE7F6E8-A52F-4152-9817-4D2AC5A2B06E}.Release|Any CPU.Build.0 = Release|Any CPU
		{01485140-8418-4EAD-A16B-E724A52A6DFC}.Debug|Any CPU.ActiveCfg = Debug|Any CPU
		{01485140-8418-4EAD-A16B-E724A52A6DFC}.Debug|Any CPU.Build.0 = Debug|Any CPU
		{01485140-8418-4EAD-A16B-E724A52A6DFC}.Release|Any CPU.ActiveCfg = Release|Any CPU
		{01485140-8418-4EAD-A16B-E724A52A6DFC}.Release|Any CPU.Build.0 = Release|Any CPU
		{51156C74-708E-4866-BEF6-F3674FDF6D05}.Debug|Any CPU.ActiveCfg = Debug|Any CPU
		{51156C74-708E-4866-BEF6-F3674FDF6D05}.Debug|Any CPU.Build.0 = Debug|Any CPU
		{51156C74-708E-4866-BEF6-F3674FDF6D05}.Release|Any CPU.ActiveCfg = Release|Any CPU
		{51156C74-708E-4866-BEF6-F3674FDF6D05}.Release|Any CPU.Build.0 = Release|Any CPU
		{E08F6285-A3AC-465C-8399-81C5E095A731}.Debug|Any CPU.ActiveCfg = Debug|Any CPU
		{E08F6285-A3AC-465C-8399-81C5E095A731}.Debug|Any CPU.Build.0 = Debug|Any CPU
		{E08F6285-A3AC-465C-8399-81C5E095A731}.Release|Any CPU.ActiveCfg = Release|Any CPU
		{E08F6285-A3AC-465C-8399-81C5E095A731}.Release|Any CPU.Build.0 = Release|Any CPU
	EndGlobalSection
	GlobalSection(SolutionProperties) = preSolution
		HideSolutionNode = FALSE
	EndGlobalSection
	GlobalSection(ExtensibilityGlobals) = postSolution
		SolutionGuid = {673A27B9-7F8F-4153-B06F-F800C7B122DB}
	EndGlobalSection
EndGlobal
